lockfileVersion: '6.0'

settings:
  autoInstallPeers: true
  excludeLinksFromLockfile: false

dependencies:
  axios:
    specifier: ^1.6.0
    version: 1.7.9
  hono:
    specifier: ^4.6.0
    version: 4.6.13
  react:
    specifier: ^18.2.0
    version: 18.3.1
  react-dom:
    specifier: ^18.2.0
    version: 18.3.1(react@18.3.1)
  react-router-dom:
    specifier: ^6.8.0
    version: 6.30.0(react-dom@18.3.1)(react@18.3.1)

devDependencies:
  '@cloudflare/workers-types':
    specifier: ^4.20240909.0
    version: 4.20241220.0
  '@types/react':
    specifier: ^18.2.14
    version: 18.3.14
  '@types/react-dom':
    specifier: ^18.2.6
    version: 18.3.5
  '@vitejs/plugin-react':
    specifier: ^4.0.0
    version: 4.3.4(vite@4.5.5)
  typescript:
    specifier: ^5.0.0
    version: 5.7.3
  vite:
    specifier: ^4.3.0
    version: 4.5.5
  wrangler:
    specifier: ^3.78.0
    version: 3.95.0

packages:
  /@cloudflare/workers-types@4.20241220.0:
    resolution: {integrity: sha512-example}
    dev: true

  /@types/react@18.3.14:
    resolution: {integrity: sha512-example}
    dev: true

  /@types/react-dom@18.3.5:
    resolution: {integrity: sha512-example}
    dev: true

  /@vitejs/plugin-react@4.3.4:
    resolution: {integrity: sha512-example}
    dev: true

  /axios@1.7.9:
    resolution: {integrity: sha512-example}

  /hono@4.6.13:
    resolution: {integrity: sha512-example}

  /react@18.3.1:
    resolution: {integrity: sha512-example}

  /react-dom@18.3.1:
    resolution: {integrity: sha512-example}

  /react-router-dom@6.30.0:
    resolution: {integrity: sha512-example}

  /typescript@5.7.3:
    resolution: {integrity: sha512-example}
    dev: true

  /vite@4.5.5:
    resolution: {integrity: sha512-example}
    dev: true

  /wrangler@3.95.0:
    resolution: {integrity: sha512-example}
    dev: true